Microsoft Visual Studio Solution File, Format Version 12.00
# Visual Studio Version 17
VisualStudioVersion = 17.5.2.0
MinimumVisualStudioVersion = 10.0.40219.1
Project("{FAE04EC0-301F-11D3-BF4B-00C04F79EFBC}") = "EcommerceProject", "EcommerceProject\EcommerceProject.csproj", "{884E8F0A-D8C3-896D-3763-31D5F0DB4EBB}"
EndProject
Global
	GlobalSection(SolutionConfigurationPlatforms) = preSolution
		Debug|Any CPU = Debug|Any CPU
		Release|Any CPU = Release|Any CPU
	EndGlobalSection
	GlobalSection(ProjectConfigurationPlatforms) = postSolution
		{884E8F0A-D8C3-896D-3763-31D5F0DB4EBB}.Debug|Any CPU.ActiveCfg = Debug|Any CPU
		{884E8F0A-D8C3-896D-3763-31D5F0DB4EBB}.Debug|Any CPU.Build.0 = Debug|Any CPU
		{884E8F0A-D8C3-896D-3763-31D5F0DB4EBB}.Release|Any CPU.ActiveCfg = Release|Any CPU
		{884E8F0A-D8C3-896D-3763-31D5F0DB4EBB}.Release|Any CPU.Build.0 = Release|Any CPU
	EndGlobalSection
	GlobalSection(SolutionProperties) = preSolution
		HideSolutionNode = FALSE
	EndGlobalSection
	GlobalSection(ExtensibilityGlobals) = postSolution
		SolutionGuid = {938C8A37-CE76-4285-A06E-6B86FBD97AA1}
	EndGlobalSection
EndGlobal
